// !$*UTF8*$!
{
	archiveVersion = 1;
	classes = {
	};
	objectVersion = 50;
	objects = {

/* Begin PBXBuildFile section */
		49370E7F247FCF74006B1963 /* AppDelegate.swift in Sources */ = {isa = PBXBuildFile; fileRef = 49370E7E247FCF74006B1963 /* AppDelegate.swift */; };
		49370E81247FCF74006B1963 /* SceneDelegate.swift in Sources */ = {isa = PBXBuildFile; fileRef = 49370E80247FCF74006B1963 /* SceneDelegate.swift */; };
		49370E83247FCF74006B1963 /* ContentView.swift in Sources */ = {isa = PBXBuildFile; fileRef = 49370E82247FCF74006B1963 /* ContentView.swift */; };
		49370E85247FCF76006B1963 /* Assets.xcassets in Resources */ = {isa = PBXBuildFile; fileRef = 49370E84247FCF76006B1963 /* Assets.xcassets */; };
		49370E88247FCF76006B1963 /* Preview Assets.xcassets in Resources */ = {isa = PBXBuildFile; fileRef = 49370E87247FCF76006B1963 /* Preview Assets.xcassets */; };
		49370E8B247FCF76006B1963 /* LaunchScreen.storyboard in Resources */ = {isa = PBXBuildFile; fileRef = 49370E89247FCF76006B1963 /* LaunchScreen.storyboard */; };
		49370E9D247FCFB5006B1963 /* SearchBar.swift in Sources */ = {isa = PBXBuildFile; fileRef = 49370E92247FCFB5006B1963 /* SearchBar.swift */; };
		49370E9E247FCFB5006B1963 /* CharacterEditor.swift in Sources */ = {isa = PBXBuildFile; fileRef = 49370E93247FCFB5006B1963 /* CharacterEditor.swift */; };
		49370E9F247FCFB5006B1963 /* AppDelegate.swift in Sources */ = {isa = PBXBuildFile; fileRef = 49370E94247FCFB5006B1963 /* AppDelegate.swift */; };
		49370EA0247FCFB5006B1963 /* ContentView.swift in Sources */ = {isa = PBXBuildFile; fileRef = 49370E95247FCFB5006B1963 /* ContentView.swift */; };
		49370EA1247FCFB5006B1963 /* CharactersData.swift in Sources */ = {isa = PBXBuildFile; fileRef = 49370E96247FCFB5006B1963 /* CharactersData.swift */; };
		49370EA2247FCFB5006B1963 /* CharacterList.swift in Sources */ = {isa = PBXBuildFile; fileRef = 49370E97247FCFB5006B1963 /* CharacterList.swift */; };
		49370EA3247FCFB5006B1963 /* CharacterRow.swift in Sources */ = {isa = PBXBuildFile; fileRef = 49370E98247FCFB5006B1963 /* CharacterRow.swift */; };
		49370EA4247FCFB5006B1963 /* AppView.swift in Sources */ = {isa = PBXBuildFile; fileRef = 49370E99247FCFB5006B1963 /* AppView.swift */; };
		49370EA5247FCFB5006B1963 /* Character.swift in Sources */ = {isa = PBXBuildFile; fileRef = 49370E9A247FCFB5006B1963 /* Character.swift */; };
		49370EA6247FCFB5006B1963 /* ChartView.swift in Sources */ = {isa = PBXBuildFile; fileRef = 49370E9B247FCFB5006B1963 /* ChartView.swift */; };
		49370EA7247FCFB5006B1963 /* SceneDelegate.swift in Sources */ = {isa = PBXBuildFile; fileRef = 49370E9C247FCFB5006B1963 /* SceneDelegate.swift */; };
/* End PBXBuildFile section */

/* Begin PBXFileReference section */
		49370E7B247FCF74006B1963 /* HW4.app */ = {isa = PBXFileReference; explicitFileType = wrapper.application; includeInIndex = 0; path = HW4.app; sourceTree = BUILT_PRODUCTS_DIR; };
		49370E7E247FCF74006B1963 /* AppDelegate.swift */ = {isa = PBXFileReference; lastKnownFileType = sourcecode.swift; path = AppDelegate.swift; sourceTree = "<group>"; };
		49370E80247FCF74006B1963 /* SceneDelegate.swift */ = {isa = PBXFileReference; lastKnownFileType = sourcecode.swift; path = SceneDelegate.swift; sourceTree = "<group>"; };
		49370E82247FCF74006B1963 /* ContentView.swift */ = {isa = PBXFileReference; lastKnownFileType = sourcecode.swift; path = ContentView.swift; sourceTree = "<group>"; };
		49370E84247FCF76006B1963 /* Assets.xcassets */ = {isa = PBXFileReference; lastKnownFileType = folder.assetcatalog; path = Assets.xcassets; sourceTree = "<group>"; };
		49370E87247FCF76006B1963 /* Preview Assets.xcassets */ = {isa = PBXFileReference; lastKnownFileType = folder.assetcatalog; path = "Preview Assets.xcassets"; sourceTree = "<group>"; };
		49370E8A247FCF76006B1963 /* Base */ = {isa = PBXFileReference; lastKnownFileType = file.storyboard; name = Base; path = Base.lproj/LaunchScreen.storyboard; sourceTree = "<group>"; };
		49370E8C247FCF76006B1963 /* Info.plist */ = {isa = PBXFileReference; lastKnownFileType = text.plist.xml; path = Info.plist; sourceTree = "<group>"; };
		49370E92247FCFB5006B1963 /* SearchBar.swift */ = {isa = PBXFileReference; fileEncoding = 4; lastKnownFileType = sourcecode.swift; path = SearchBar.swift; sourceTree = "<group>"; };
		49370E93247FCFB5006B1963 /* CharacterEditor.swift */ = {isa = PBXFileReference; fileEncoding = 4; lastKnownFileType = sourcecode.swift; path = CharacterEditor.swift; sourceTree = "<group>"; };
		49370E94247FCFB5006B1963 /* AppDelegate.swift */ = {isa = PBXFileReference; fileEncoding = 4; lastKnownFileType = sourcecode.swift; path = AppDelegate.swift; sourceTree = "<group>"; };
		49370E95247FCFB5006B1963 /* ContentView.swift */ = {isa = PBXFileReference; fileEncoding = 4; lastKnownFileType = sourcecode.swift; path = ContentView.swift; sourceTree = "<group>"; };
		49370E96247FCFB5006B1963 /* CharactersData.swift */ = {isa = PBXFileReference; fileEncoding = 4; lastKnownFileType = sourcecode.swift; path = CharactersData.swift; sourceTree = "<group>"; };
		49370E97247FCFB5006B1963 /* CharacterList.swift */ = {isa = PBXFileReference; fileEncoding = 4; lastKnownFileType = sourcecode.swift; path = CharacterList.swift; sourceTree = "<group>"; };
		49370E98247FCFB5006B1963 /* CharacterRow.swift */ = {isa = PBXFileReference; fileEncoding = 4; lastKnownFileType = sourcecode.swift; path = CharacterRow.swift; sourceTree = "<group>"; };
		49370E99247FCFB5006B1963 /* AppView.swift */ = {isa = PBXFileReference; fileEncoding = 4; lastKnownFileType = sourcecode.swift; path = AppView.swift; sourceTree = "<group>"; };
		49370E9A247FCFB5006B1963 /* Character.swift */ = {isa = PBXFileReference; fileEncoding = 4; lastKnownFileType = sourcecode.swift; path = Character.swift; sourceTree = "<group>"; };
		49370E9B247FCFB5006B1963 /* ChartView.swift */ = {isa = PBXFileReference; fileEncoding = 4; lastKnownFileType = sourcecode.swift; path = ChartView.swift; sourceTree = "<group>"; };
		49370E9C247FCFB5006B1963 /* SceneDelegate.swift */ = {isa = PBXFileReference; fileEncoding = 4; lastKnownFileType = sourcecode.swift; path = SceneDelegate.swift; sourceTree = "<group>"; };
/* End PBXFileReference section */

/* Begin PBXFrameworksBuildPhase section */
		49370E78247FCF74006B1963 /* Frameworks */ = {
			isa = PBXFrameworksBuildPhase;
			buildActionMask = 2147483647;
			files = (
			);
			runOnlyForDeploymentPostprocessing = 0;
		};
/* End PBXFrameworksBuildPhase section */

/* Begin PBXGroup section */
		49370E72247FCF74006B1963 = {
			isa = PBXGroup;
			children = (
				49370E7D247FCF74006B1963 /* HW4 */,
				49370E7C247FCF74006B1963 /* Products */,
			);
			sourceTree = "<group>";
		};
		49370E7C247FCF74006B1963 /* Products */ = {
			isa = PBXGroup;
			children = (
				49370E7B247FCF74006B1963 /* HW4.app */,
			);
			name = Products;
			sourceTree = "<group>";
		};
		49370E7D247FCF74006B1963 /* HW4 */ = {
			isa = PBXGroup;
			children = (
				49370E7E247FCF74006B1963 /* AppDelegate.swift */,
				49370E80247FCF74006B1963 /* SceneDelegate.swift */,
				49370E97247FCFB5006B1963 /* CharacterList.swift */,
				49370E98247FCFB5006B1963 /* CharacterRow.swift */,
				49370E96247FCFB5006B1963 /* CharactersData.swift */,
				49370E9B247FCFB5006B1963 /* ChartView.swift */,
				49370E82247FCF74006B1963 /* ContentView.swift */,
				49370E94247FCFB5006B1963 /* AppDelegate.swift */,
				49370E99247FCFB5006B1963 /* AppView.swift */,
				49370E9A247FCFB5006B1963 /* Character.swift */,
				49370E93247FCFB5006B1963 /* CharacterEditor.swift */,
				49370E95247FCFB5006B1963 /* ContentView.swift */,
				49370E9C247FCFB5006B1963 /* SceneDelegate.swift */,
				49370E92247FCFB5006B1963 /* SearchBar.swift */,
				49370E84247FCF76006B1963 /* Assets.xcassets */,
				49370E89247FCF76006B1963 /* LaunchScreen.storyboard */,
				49370E8C247FCF76006B1963 /* Info.plist */,
				49370E86247FCF76006B1963 /* Preview Content */,
			);
			path = HW4;
			sourceTree = "<group>";
		};
		49370E86247FCF76006B1963 /* Preview Content */ = {
			isa = PBXGroup;
			children = (
				49370E87247FCF76006B1963 /* Preview Assets.xcassets */,
			);
			path = "Preview Content";
			sourceTree = "<group>";
		};
/* End PBXGroup section */

/* Begin PBXNativeTarget section */
		49370E7A247FCF74006B1963 /* HW4 */ = {
			isa = PBXNativeTarget;
			buildConfigurationList = 49370E8F247FCF76006B1963 /* Build configuration list for PBXNativeTarget "HW4" */;
			buildPhases = (
				49370E77247FCF74006B1963 /* Sources */,
				49370E78247FCF74006B1963 /* Frameworks */,
				49370E79247FCF74006B1963 /* Resources */,
			);
			buildRules = (
			);
			dependencies = (
			);
			name = HW4;
			productName = HW4;
			productReference = 49370E7B247FCF74006B1963 /* HW4.app */;
			productType = "com.apple.product-type.application";
		};
/* End PBXNativeTarget section */

/* Begin PBXProject section */
		49370E73247FCF74006B1963 /* Project object */ = {
			isa = PBXProject;
			attributes = {
				LastSwiftUpdateCheck = 1110;
				LastUpgradeCheck = 1110;
				ORGANIZATIONNAME = ntou;
				TargetAttributes = {
					49370E7A247FCF74006B1963 = {
						CreatedOnToolsVersion = 11.1;
					};
				};
			};
			buildConfigurationList = 49370E76247FCF74006B1963 /* Build configuration list for PBXProject "HW4" */;
			compatibilityVersion = "Xcode 9.3";
			developmentRegion = en;
			hasScannedForEncodings = 0;
			knownRegions = (
				en,
				Base,
			);
			mainGroup = 49370E72247FCF74006B1963;
			productRefGroup = 49370E7C247FCF74006B1963 /* Products */;
			projectDirPath = "";
			projectRoot = "";
			targets = (
				49370E7A247FCF74006B1963 /* HW4 */,
			);
		};
/* End PBXProject section */

/* Begin PBXResourcesBuildPhase section */
		49370E79247FCF74006B1963 /* Resources */ = {
			isa = PBXResourcesBuildPhase;
			buildActionMask = 2147483647;
			files = (
				49370E8B247FCF76006B1963 /* LaunchScreen.storyboard in Resources */,
				49370E88247FCF76006B1963 /* Preview Assets.xcassets in Resources */,
				49370E85247FCF76006B1963 /* Assets.xcassets in Resources */,
			);
			runOnlyForDeploymentPostprocessing = 0;
		};
/* End PBXResourcesBuildPhase section */

/* Begin PBXSourcesBuildPhase section */
		49370E77247FCF74006B1963 /* Sources */ = {
			isa = PBXSourcesBuildPhase;
			buildActionMask = 2147483647;
			files = (
				49370EA3247FCFB5006B1963 /* CharacterRow.swift in Sources */,
				49370EA7247FCFB5006B1963 /* SceneDelegate.swift in Sources */,
				49370EA6247FCFB5006B1963 /* ChartView.swift in Sources */,
				49370E9F247FCFB5006B1963 /* AppDelegate.swift in Sources */,
				49370EA1247FCFB5006B1963 /* CharactersData.swift in Sources */,
				49370EA5247FCFB5006B1963 /* Character.swift in Sources */,
				49370E7F247FCF74006B1963 /* AppDelegate.swift in Sources */,
				49370EA4247FCFB5006B1963 /* AppView.swift in Sources */,
				49370EA0247FCFB5006B1963 /* ContentView.swift in Sources */,
				49370E9E247FCFB5006B1963 /* CharacterEditor.swift in Sources */,
				49370E9D247FCFB5006B1963 /* SearchBar.swift in Sources */,
				49370EA2247FCFB5006B1963 /* CharacterList.swift in Sources */,
				49370E81247FCF74006B1963 /* SceneDelegate.swift in Sources */,
				49370E83247FCF74006B1963 /* ContentView.swift in Sources */,
			);
			runOnlyForDeploymentPostprocessing = 0;
		};
/* End PBXSourcesBuildPhase section */

/* Begin PBXVariantGroup section */
		49370E89247FCF76006B1963 /* LaunchScreen.storyboard */ = {
			isa = PBXVariantGroup;
			children = (
				49370E8A247FCF76006B1963 /* Base */,
			);
			name = LaunchScreen.storyboard;
			sourceTree = "<group>";
		};
/* End PBXVariantGroup section */

/* Begin XCBuildConfiguration section */
		49370E8D247FCF76006B1963 /* Debug */ = {
			isa = XCBuildConfiguration;
			buildSettings = {
				ALWAYS_SEARCH_USER_PATHS = NO;
				CLANG_ANALYZER_NONNULL = YES;
				CLANG_ANALYZER_NUMBER_OBJECT_CONVERSION = YES_AGGRESSIVE;
				CLANG_CXX_LANGUAGE_STANDARD = "gnu++14";
				CLANG_CXX_LIBRARY = "libc++";
				CLANG_ENABLE_MODULES = YES;
				CLANG_ENABLE_OBJC_ARC = YES;
				CLANG_ENABLE_OBJC_WEAK = YES;
				CLANG_WARN_BLOCK_CAPTURE_AUTORELEASING = YES;
				CLANG_WARN_BOOL_CONVERSION = YES;
				CLANG_WARN_COMMA = YES;
				CLANG_WARN_CONSTANT_CONVERSION = YES;
				CLANG_WARN_DEPRECATED_OBJC_IMPLEMENTATIONS = YES;
				CLANG_WARN_DIRECT_OBJC_ISA_USAGE = YES_ERROR;
				CLANG_WARN_DOCUMENTATION_COMMENTS = YES;
				CLANG_WARN_EMPTY_BODY = YES;
				CLANG_WARN_ENUM_CONVERSION = YES;
				CLANG_WARN_INFINITE_RECURSION = YES;
				CLANG_WARN_INT_CONVERSION = YES;
				CLANG_WARN_NON_LITERAL_NULL_CONVERSION = YES;
				CLANG_WARN_OBJC_IMPLICIT_RETAIN_SELF = YES;
				CLANG_WARN_OBJC_LITERAL_CONVERSION = YES;
				CLANG_WARN_OBJC_ROOT_CLASS = YES_ERROR;
				CLANG_WARN_RANGE_LOOP_ANALYSIS = YES;
				CLANG_WARN_STRICT_PROTOTYPES = YES;
				CLANG_WARN_SUSPICIOUS_MOVE = YES;
				CLANG_WARN_UNGUARDED_AVAILABILITY = YES_AGGRESSIVE;
				CLANG_WARN_UNREACHABLE_CODE = YES;
				CLANG_WARN__DUPLICATE_METHOD_MATCH = YES;
				COPY_PHASE_STRIP = NO;
				DEBUG_INFORMATION_FORMAT = dwarf;
				ENABLE_STRICT_OBJC_MSGSEND = YES;
				ENABLE_TESTABILITY = YES;
				GCC_C_LANGUAGE_STANDARD = gnu11;
				GCC_DYNAMIC_NO_PIC = NO;
				GCC_NO_COMMON_BLOCKS = YES;
				GCC_OPTIMIZATION_LEVEL = 0;
				GCC_PREPROCESSOR_DEFINITIONS = (
					"DEBUG=1",
					"$(inherited)",
				);
				GCC_WARN_64_TO_32_BIT_CONVERSION = YES;
				GCC_WARN_ABOUT_RETURN_TYPE = YES_ERROR;
				GCC_WARN_UNDECLARED_SELECTOR = YES;
				GCC_WARN_UNINITIALIZED_AUTOS = YES_AGGRESSIVE;
				GCC_WARN_UNUSED_FUNCTION = YES;
				GCC_WARN_UNUSED_VARIABLE = YES;
				IPHONEOS_DEPLOYMENT_TARGET = 13.1;
				MTL_ENABLE_DEBUG_INFO = INCLUDE_SOURCE;
				MTL_FAST_MATH = YES;
				ONLY_ACTIVE_ARCH = YES;
				SDKROOT = iphoneos;
				SWIFT_ACTIVE_COMPILATION_CONDITIONS = DEBUG;
				SWIFT_OPTIMIZATION_LEVEL = "-Onone";
			};
			name = Debug;
		};
		49370E8E247FCF76006B1963 /* Release */ = {
			isa = XCBuildConfiguration;
			buildSettings = {
				ALWAYS_SEARCH_USER_PATHS = NO;
				CLANG_ANALYZER_NONNULL = YES;
				CLANG_ANALYZER_NUMBER_OBJECT_CONVERSION = YES_AGGRESSIVE;
				CLANG_CXX_LANGUAGE_STANDARD = "gnu++14";
				CLANG_CXX_LIBRARY = "libc++";
				CLANG_ENABLE_MODULES = YES;
				CLANG_ENABLE_OBJC_ARC = YES;
				CLANG_ENABLE_OBJC_WEAK = YES;
				CLANG_WARN_BLOCK_CAPTURE_AUTORELEASING = YES;
				CLANG_WARN_BOOL_CONVERSION = YES;
				CLANG_WARN_COMMA = YES;
				CLANG_WARN_CONSTANT_CONVERSION = YES;
				CLANG_WARN_DEPRECATED_OBJC_IMPLEMENTATIONS = YES;
				CLANG_WARN_DIRECT_OBJC_ISA_USAGE = YES_ERROR;
				CLANG_WARN_DOCUMENTATION_COMMENTS = YES;
				CLANG_WARN_EMPTY_BODY = YES;
				CLANG_WARN_ENUM_CONVERSION = YES;
				CLANG_WARN_INFINITE_RECURSION = YES;
				CLANG_WARN_INT_CONVERSION = YES;
				CLANG_WARN_NON_LITERAL_NULL_CONVERSION = YES;
				CLANG_WARN_OBJC_IMPLICIT_RETAIN_SELF = YES;
				CLANG_WARN_OBJC_LITERAL_CONVERSION = YES;
				CLANG_WARN_OBJC_ROOT_CLASS = YES_ERROR;
				CLANG_WARN_RANGE_LOOP_ANALYSIS = YES;
				CLANG_WARN_STRICT_PROTOTYPES = YES;
				CLANG_WARN_SUSPICIOUS_MOVE = YES;
				CLANG_WARN_UNGUARDED_AVAILABILITY = YES_AGGRESSIVE;
				CLANG_WARN_UNREACHABLE_CODE = YES;
				CLANG_WARN__DUPLICATE_METHOD_MATCH = YES;
				COPY_PHASE_STRIP = NO;
				DEBUG_INFORMATION_FORMAT = "dwarf-with-dsym";
				ENABLE_NS_ASSERTIONS = NO;
				ENABLE_STRICT_OBJC_MSGSEND = YES;
				GCC_C_LANGUAGE_STANDARD = gnu11;
				GCC_NO_COMMON_BLOCKS = YES;
				GCC_WARN_64_TO_32_BIT_CONVERSION = YES;
				GCC_WARN_ABOUT_RETURN_TYPE = YES_ERROR;
				GCC_WARN_UNDECLARED_SELECTOR = YES;
				GCC_WARN_UNINITIALIZED_AUTOS = YES_AGGRESSIVE;
				GCC_WARN_UNUSED_FUNCTION = YES;
				GCC_WARN_UNUSED_VARIABLE = YES;
				IPHONEOS_DEPLOYMENT_TARGET = 13.1;
				MTL_ENABLE_DEBUG_INFO = NO;
				MTL_FAST_MATH = YES;
				SDKROOT = iphoneos;
				SWIFT_COMPILATION_MODE = wholemodule;
				SWIFT_OPTIMIZATION_LEVEL = "-O";
				VALIDATE_PRODUCT = YES;
			};
			name = Release;
		};
		49370E90247FCF76006B1963 /* Debug */ = {
			isa = XCBuildConfiguration;
			buildSettings = {
				ASSETCATALOG_COMPILER_APPICON_NAME = AppIcon;
				CODE_SIGN_STYLE = Automatic;
				DEVELOPMENT_ASSET_PATHS = "\"HW4/Preview Content\"";
				ENABLE_PREVIEWS = YES;
				INFOPLIST_FILE = HW4/Info.plist;
				LD_RUNPATH_SEARCH_PATHS = (
					"$(inherited)",
					"@executable_path/Frameworks",
				);
				PRODUCT_BUNDLE_IDENTIFIER = "-0657143.HW4";
				PRODUCT_NAME = "$(TARGET_NAME)";
				SWIFT_VERSION = 5.0;
				TARGETED_DEVICE_FAMILY = "1,2";
			};
			name = Debug;
		};
		49370E91247FCF76006B1963 /* Release */ = {
			isa = XCBuildConfiguration;
			buildSettings = {
				ASSETCATALOG_COMPILER_APPICON_NAME = AppIcon;
				CODE_SIGN_STYLE = Automatic;
				DEVELOPMENT_ASSET_PATHS = "\"HW4/Preview Content\"";
				ENABLE_PREVIEWS = YES;
				INFOPLIST_FILE = HW4/Info.plist;
				LD_RUNPATH_SEARCH_PATHS = (
					"$(inherited)",
					"@executable_path/Frameworks",
				);
				PRODUCT_BUNDLE_IDENTIFIER = "-0657143.HW4";
				PRODUCT_NAME = "$(TARGET_NAME)";
				SWIFT_VERSION = 5.0;
				TARGETED_DEVICE_FAMILY = "1,2";
			};
			name = Release;
		};
/* End XCBuildConfiguration section */

/* Begin XCConfigurationList section */
		49370E76247FCF74006B1963 /* Build configuration list for PBXProject "HW4" */ = {
			isa = XCConfigurationList;
			buildConfigurations = (
				49370E8D247FCF76006B1963 /* Debug */,
				49370E8E247FCF76006B1963 /* Release */,
			);
			defaultConfigurationIsVisible = 0;
			defaultConfigurationName = Release;
		};
		49370E8F247FCF76006B1963 /* Build configuration list for PBXNativeTarget "HW4" */ = {
			isa = XCConfigurationList;
			buildConfigurations = (
				49370E90247FCF76006B1963 /* Debug */,
				49370E91247FCF76006B1963 /* Release */,
			);
			defaultConfigurationIsVisible = 0;
			defaultConfigurationName = Release;
		};
/* End XCConfigurationList section */
	};
	rootObject = 49370E73247FCF74006B1963 /* Project object */;
}
